
Microsoft Visual Studio Solution File, Format Version 12.00
Project("{2150E333-8FDC-42A3-9474-1A3956D46DE8}") = "src", "src", "{9C0ABAE2-0C2F-4D79-8EC2-38A453493B81}"
EndProject
Project("{2150E333-8FDC-42A3-9474-1A3956D46DE8}") = "tests", "tests", "{08377B84-BEC2-48B9-A2B2-C2D1D215BF2C}"
EndProject
Project("{FAE04EC0-301F-11D3-BF4B-00C04F79EFBC}") = "MembershipCardSystem.UnitTests", "tests\MembershipCardSystem.UnitTests\MembershipCardSystem.UnitTests.csproj", "{69BD62AA-0F74-4435-8C11-3B5A751AD302}"
EndProject
Project("{FAE04EC0-301F-11D3-BF4B-00C04F79EFBC}") = "MembershipCardSystem", "src\MembershipCardSystem\MembershipCardSystem.csproj", "{A86D9024-2FD5-4577-A203-CB1E22FD9F87}"
EndProject
Project("{FAE04EC0-301F-11D3-BF4B-00C04F79EFBC}") = "MembershipCardSystem.DataStore", "src\MembershipCardSystem.DataStore\MembershipCardSystem.DataStore.csproj", "{1209ACB4-2307-45BD-A467-3BE2EC24A50F}"
EndProject
Project("{FAE04EC0-301F-11D3-BF4B-00C04F79EFBC}") = "MembershipCardSystem.IntegrationTests", "tests\MembershipCardSystem.IntegrationTests\MembershipCardSystem.IntegrationTests.csproj", "{F8EE16E2-6D1B-43B2-A445-FD2ADA1EC14B}"
EndProject
Project("{FAE04EC0-301F-11D3-BF4B-00C04F79EFBC}") = "MembershipCardSystem.DataStore.IntegrationTest", "tests\MembershipCardSystem.DataStore.IntegrationTest\MembershipCardSystem.DataStore.IntegrationTest.csproj", "{E77C1B1B-4BAD-4B0F-BE3C-22B10652704D}"
EndProject
Global
	GlobalSection(SolutionConfigurationPlatforms) = preSolution
		Debug|Any CPU = Debug|Any CPU
		Release|Any CPU = Release|Any CPU
	EndGlobalSection
	GlobalSection(NestedProjects) = preSolution
		{69BD62AA-0F74-4435-8C11-3B5A751AD302} = {08377B84-BEC2-48B9-A2B2-C2D1D215BF2C}
		{A86D9024-2FD5-4577-A203-CB1E22FD9F87} = {9C0ABAE2-0C2F-4D79-8EC2-38A453493B81}
		{1209ACB4-2307-45BD-A467-3BE2EC24A50F} = {9C0ABAE2-0C2F-4D79-8EC2-38A453493B81}
		{F8EE16E2-6D1B-43B2-A445-FD2ADA1EC14B} = {08377B84-BEC2-48B9-A2B2-C2D1D215BF2C}
		{E77C1B1B-4BAD-4B0F-BE3C-22B10652704D} = {08377B84-BEC2-48B9-A2B2-C2D1D215BF2C}
	EndGlobalSection
	GlobalSection(ProjectConfigurationPlatforms) = postSolution
		{69BD62AA-0F74-4435-8C11-3B5A751AD302}.Debug|Any CPU.ActiveCfg = Debug|Any CPU
		{69BD62AA-0F74-4435-8C11-3B5A751AD302}.Debug|Any CPU.Build.0 = Debug|Any CPU
		{69BD62AA-0F74-4435-8C11-3B5A751AD302}.Release|Any CPU.ActiveCfg = Release|Any CPU
		{69BD62AA-0F74-4435-8C11-3B5A751AD302}.Release|Any CPU.Build.0 = Release|Any CPU
		{A86D9024-2FD5-4577-A203-CB1E22FD9F87}.Debug|Any CPU.ActiveCfg = Debug|Any CPU
		{A86D9024-2FD5-4577-A203-CB1E22FD9F87}.Debug|Any CPU.Build.0 = Debug|Any CPU
		{A86D9024-2FD5-4577-A203-CB1E22FD9F87}.Release|Any CPU.ActiveCfg = Release|Any CPU
		{A86D9024-2FD5-4577-A203-CB1E22FD9F87}.Release|Any CPU.Build.0 = Release|Any CPU
		{1209ACB4-2307-45BD-A467-3BE2EC24A50F}.Debug|Any CPU.ActiveCfg = Debug|Any CPU
		{1209ACB4-2307-45BD-A467-3BE2EC24A50F}.Debug|Any CPU.Build.0 = Debug|Any CPU
		{1209ACB4-2307-45BD-A467-3BE2EC24A50F}.Release|Any CPU.ActiveCfg = Release|Any CPU
		{1209ACB4-2307-45BD-A467-3BE2EC24A50F}.Release|Any CPU.Build.0 = Release|Any CPU
		{F8EE16E2-6D1B-43B2-A445-FD2ADA1EC14B}.Debug|Any CPU.ActiveCfg = Debug|Any CPU
		{F8EE16E2-6D1B-43B2-A445-FD2ADA1EC14B}.Debug|Any CPU.Build.0 = Debug|Any CPU
		{F8EE16E2-6D1B-43B2-A445-FD2ADA1EC14B}.Release|Any CPU.ActiveCfg = Release|Any CPU
		{F8EE16E2-6D1B-43B2-A445-FD2ADA1EC14B}.Release|Any CPU.Build.0 = Release|Any CPU
		{E77C1B1B-4BAD-4B0F-BE3C-22B10652704D}.Debug|Any CPU.ActiveCfg = Debug|Any CPU
		{E77C1B1B-4BAD-4B0F-BE3C-22B10652704D}.Debug|Any CPU.Build.0 = Debug|Any CPU
		{E77C1B1B-4BAD-4B0F-BE3C-22B10652704D}.Release|Any CPU.ActiveCfg = Release|Any CPU
		{E77C1B1B-4BAD-4B0F-BE3C-22B10652704D}.Release|Any CPU.Build.0 = Release|Any CPU
	EndGlobalSection
EndGlobal
